
Microsoft Visual Studio Solution File, Format Version 12.00
# Visual Studio Version 17
VisualStudioVersion = 17.0.31903.59
MinimumVisualStudioVersion = 10.0.40219.1
Project("{FAE04EC0-301F-11D3-BF4B-00C04F79EFBC}") = "SaberLib", "SaberLib\SaberLib.csproj", "{DD340B7D-23C9-4A89-B2CC-32D13255EB88}"
EndProject
Project("{FAE04EC0-301F-11D3-BF4B-00C04F79EFBC}") = "SaberLib.Tests", "SaberLib.Tests\SaberLib.Tests.csproj", "{3D4556C1-788C-4419-A19F-CF47947D6221}"
EndProject
Global
	GlobalSection(SolutionConfigurationPlatforms) = preSolution
		Debug|Any CPU = Debug|Any CPU
		Release|Any CPU = Release|Any CPU
	EndGlobalSection
	GlobalSection(SolutionProperties) = preSolution
		HideSolutionNode = FALSE
	EndGlobalSection
	GlobalSection(ProjectConfigurationPlatforms) = postSolution
		{DD340B7D-23C9-4A89-B2CC-32D13255EB88}.Debug|Any CPU.ActiveCfg = Debug|Any CPU
		{DD340B7D-23C9-4A89-B2CC-32D13255EB88}.Debug|Any CPU.Build.0 = Debug|Any CPU
		{DD340B7D-23C9-4A89-B2CC-32D13255EB88}.Release|Any CPU.ActiveCfg = Release|Any CPU
		{DD340B7D-23C9-4A89-B2CC-32D13255EB88}.Release|Any CPU.Build.0 = Release|Any CPU
		{3D4556C1-788C-4419-A19F-CF47947D6221}.Debug|Any CPU.ActiveCfg = Debug|Any CPU
		{3D4556C1-788C-4419-A19F-CF47947D6221}.Debug|Any CPU.Build.0 = Debug|Any CPU
		{3D4556C1-788C-4419-A19F-CF47947D6221}.Release|Any CPU.ActiveCfg = Release|Any CPU
		{3D4556C1-788C-4419-A19F-CF47947D6221}.Release|Any CPU.Build.0 = Release|Any CPU
	EndGlobalSection
EndGlobal
